
Microsoft Visual Studio Solution File, Format Version 12.00
# Visual Studio Version 16
VisualStudioVersion = 16.0.30621.155
MinimumVisualStudioVersion = 10.0.40219.1
Project("{FAE04EC0-301F-11D3-BF4B-00C04F79EFBC}") = "BudgetCalculation", "BudgetCalculation\BudgetCalculation.csproj", "{37B332E9-94B2-4A73-BF94-085BF6C4430E}"
EndProject
Global
	GlobalSection(SolutionConfigurationPlatforms) = preSolution
		Debug|Any CPU = Debug|Any CPU
		Release|Any CPU = Release|Any CPU
	EndGlobalSection
	GlobalSection(ProjectConfigurationPlatforms) = postSolution
		{37B332E9-94B2-4A73-BF94-085BF6C4430E}.Debug|Any CPU.ActiveCfg = Debug|Any CPU
		{37B332E9-94B2-4A73-BF94-085BF6C4430E}.Debug|Any CPU.Build.0 = Debug|Any CPU
		{37B332E9-94B2-4A73-BF94-085BF6C4430E}.Release|Any CPU.ActiveCfg = Release|Any CPU
		{37B332E9-94B2-4A73-BF94-085BF6C4430E}.Release|Any CPU.Build.0 = Release|Any CPU
	EndGlobalSection
	GlobalSection(SolutionProperties) = preSolution
		HideSolutionNode = FALSE
	EndGlobalSection
	GlobalSection(ExtensibilityGlobals) = postSolution
		SolutionGuid = {DBEEFFFC-DDAA-4825-A0AA-481C3AE82F9A}
	EndGlobalSection
EndGlobal
